
Microsoft Visual Studio Solution File, Format Version 12.00
# Visual Studio Version 16
VisualStudioVersion = 16.0.31424.327
MinimumVisualStudioVersion = 10.0.40219.1
Project("{2150E333-8FDC-42A3-9474-1A3956D46DE8}") = "API", "API", "{FF9B82CA-BD04-4A05-BB3D-E72BC0629553}"
EndProject
Project("{9A19103F-16F7-4668-BE54-9A1E7A4F7556}") = "ETrafficViolationSystem.API", "ETrafficViolationSystem.API\ETrafficViolationSystem.API.csproj", "{58713C83-7B5E-46BE-AD91-80966A3B9714}"
EndProject
Project("{2150E333-8FDC-42A3-9474-1A3956D46DE8}") = "Common", "Common", "{D836E3AA-5BBA-4094-A107-7CDAA6507296}"
EndProject
Project("{9A19103F-16F7-4668-BE54-9A1E7A4F7556}") = "ETrafficViolationSystem.Common", "ETrafficViolationSystem.Common\ETrafficViolationSystem.Common.csproj", "{73EFE79E-964C-4810-84B8-5899D4D22165}"
EndProject
Project("{2150E333-8FDC-42A3-9474-1A3956D46DE8}") = "Data", "Data", "{A33BEA79-262F-4F28-819F-EFEA1F014DFD}"
EndProject
Project("{9A19103F-16F7-4668-BE54-9A1E7A4F7556}") = "ETrafficViolationSystem.Data", "ETrafficViolationSystem.Data\ETrafficViolationSystem.Data.csproj", "{E3FAF45D-0772-46D4-9837-75678A8D02A0}"
EndProject
Project("{2150E333-8FDC-42A3-9474-1A3956D46DE8}") = "Domain", "Domain", "{FD708164-F904-431C-ABC4-2DD52C7DA8CF}"
EndProject
Project("{9A19103F-16F7-4668-BE54-9A1E7A4F7556}") = "ETrafficViolationSystem.Entities", "ETrafficViolationSystem.Entities\ETrafficViolationSystem.Entities.csproj", "{EE962929-9A18-4EE7-A1AE-826D3EE9885B}"
EndProject
Project("{2150E333-8FDC-42A3-9474-1A3956D46DE8}") = "Service", "Service", "{18041538-E312-43FB-A866-321B06494530}"
EndProject
Project("{9A19103F-16F7-4668-BE54-9A1E7A4F7556}") = "ETrafficViolationSystem.Service", "ETrafficViolationSystem.Service\ETrafficViolationSystem.Service.csproj", "{2B38B539-2AA7-4386-8238-5B3589624E6D}"
EndProject
Project("{2150E333-8FDC-42A3-9474-1A3956D46DE8}") = "Web", "Web", "{4F2C411A-7B53-4135-ABED-D99861763191}"
EndProject
Project("{FAE04EC0-301F-11D3-BF4B-00C04F79EFBC}") = "ETrafficViolationSystem.Admin", "ETrafficViolationSystem.Admin\ETrafficViolationSystem.Admin.csproj", "{167BA28C-F121-445F-8C05-16DB099C93DC}"
EndProject
Global
	GlobalSection(SolutionConfigurationPlatforms) = preSolution
		Debug|Any CPU = Debug|Any CPU
		Release|Any CPU = Release|Any CPU
	EndGlobalSection
	GlobalSection(ProjectConfigurationPlatforms) = postSolution
		{58713C83-7B5E-46BE-AD91-80966A3B9714}.Debug|Any CPU.ActiveCfg = Debug|Any CPU
		{58713C83-7B5E-46BE-AD91-80966A3B9714}.Debug|Any CPU.Build.0 = Debug|Any CPU
		{58713C83-7B5E-46BE-AD91-80966A3B9714}.Release|Any CPU.ActiveCfg = Release|Any CPU
		{58713C83-7B5E-46BE-AD91-80966A3B9714}.Release|Any CPU.Build.0 = Release|Any CPU
		{73EFE79E-964C-4810-84B8-5899D4D22165}.Debug|Any CPU.ActiveCfg = Debug|Any CPU
		{73EFE79E-964C-4810-84B8-5899D4D22165}.Debug|Any CPU.Build.0 = Debug|Any CPU
		{73EFE79E-964C-4810-84B8-5899D4D22165}.Release|Any CPU.ActiveCfg = Release|Any CPU
		{73EFE79E-964C-4810-84B8-5899D4D22165}.Release|Any CPU.Build.0 = Release|Any CPU
		{E3FAF45D-0772-46D4-9837-75678A8D02A0}.Debug|Any CPU.ActiveCfg = Debug|Any CPU
		{E3FAF45D-0772-46D4-9837-75678A8D02A0}.Debug|Any CPU.Build.0 = Debug|Any CPU
		{E3FAF45D-0772-46D4-9837-75678A8D02A0}.Release|Any CPU.ActiveCfg = Release|Any CPU
		{E3FAF45D-0772-46D4-9837-75678A8D02A0}.Release|Any CPU.Build.0 = Release|Any CPU
		{EE962929-9A18-4EE7-A1AE-826D3EE9885B}.Debug|Any CPU.ActiveCfg = Debug|Any CPU
		{EE962929-9A18-4EE7-A1AE-826D3EE9885B}.Debug|Any CPU.Build.0 = Debug|Any CPU
		{EE962929-9A18-4EE7-A1AE-826D3EE9885B}.Release|Any CPU.ActiveCfg = Release|Any CPU
		{EE962929-9A18-4EE7-A1AE-826D3EE9885B}.Release|Any CPU.Build.0 = Release|Any CPU
		{2B38B539-2AA7-4386-8238-5B3589624E6D}.Debug|Any CPU.ActiveCfg = Debug|Any CPU
		{2B38B539-2AA7-4386-8238-5B3589624E6D}.Debug|Any CPU.Build.0 = Debug|Any CPU
		{2B38B539-2AA7-4386-8238-5B3589624E6D}.Release|Any CPU.ActiveCfg = Release|Any CPU
		{2B38B539-2AA7-4386-8238-5B3589624E6D}.Release|Any CPU.Build.0 = Release|Any CPU
		{167BA28C-F121-445F-8C05-16DB099C93DC}.Debug|Any CPU.ActiveCfg = Debug|Any CPU
		{167BA28C-F121-445F-8C05-16DB099C93DC}.Debug|Any CPU.Build.0 = Debug|Any CPU
		{167BA28C-F121-445F-8C05-16DB099C93DC}.Release|Any CPU.ActiveCfg = Release|Any CPU
		{167BA28C-F121-445F-8C05-16DB099C93DC}.Release|Any CPU.Build.0 = Release|Any CPU
	EndGlobalSection
	GlobalSection(SolutionProperties) = preSolution
		HideSolutionNode = FALSE
	EndGlobalSection
	GlobalSection(NestedProjects) = preSolution
		{58713C83-7B5E-46BE-AD91-80966A3B9714} = {FF9B82CA-BD04-4A05-BB3D-E72BC0629553}
		{73EFE79E-964C-4810-84B8-5899D4D22165} = {D836E3AA-5BBA-4094-A107-7CDAA6507296}
		{E3FAF45D-0772-46D4-9837-75678A8D02A0} = {A33BEA79-262F-4F28-819F-EFEA1F014DFD}
		{EE962929-9A18-4EE7-A1AE-826D3EE9885B} = {FD708164-F904-431C-ABC4-2DD52C7DA8CF}
		{2B38B539-2AA7-4386-8238-5B3589624E6D} = {18041538-E312-43FB-A866-321B06494530}
		{167BA28C-F121-445F-8C05-16DB099C93DC} = {4F2C411A-7B53-4135-ABED-D99861763191}
	EndGlobalSection
	GlobalSection(ExtensibilityGlobals) = postSolution
		SolutionGuid = {03DBD89C-263D-4362-A712-907EB083C9A0}
	EndGlobalSection
EndGlobal
